
Microsoft Visual Studio Solution File, Format Version 12.00
# Visual Studio Version 17
VisualStudioVersion = 17.1.32210.238
MinimumVisualStudioVersion = 10.0.40219.1
Project("{FAE04EC0-301F-11D3-BF4B-00C04F79EFBC}") = "PhysicsPrototype", "PhysicsPrototype\PhysicsPrototype.csproj", "{78439378-03B9-47E1-8227-0B75F3BF3EE9}"
EndProject
Global
	GlobalSection(SolutionConfigurationPlatforms) = preSolution
		Debug|Any CPU = Debug|Any CPU
		Release|Any CPU = Release|Any CPU
	EndGlobalSection
	GlobalSection(ProjectConfigurationPlatforms) = postSolution
		{78439378-03B9-47E1-8227-0B75F3BF3EE9}.Debug|Any CPU.ActiveCfg = Debug|Any CPU
		{78439378-03B9-47E1-8227-0B75F3BF3EE9}.Debug|Any CPU.Build.0 = Debug|Any CPU
		{78439378-03B9-47E1-8227-0B75F3BF3EE9}.Release|Any CPU.ActiveCfg = Release|Any CPU
		{78439378-03B9-47E1-8227-0B75F3BF3EE9}.Release|Any CPU.Build.0 = Release|Any CPU
	EndGlobalSection
	GlobalSection(SolutionProperties) = preSolution
		HideSolutionNode = FALSE
	EndGlobalSection
	GlobalSection(ExtensibilityGlobals) = postSolution
		SolutionGuid = {241DFD5A-15B6-4800-AF32-DB0D6F90AAA9}
	EndGlobalSection
EndGlobal
