
Microsoft Visual Studio Solution File, Format Version 12.00
# Visual Studio Version 17
VisualStudioVersion = 17.1.32210.238
MinimumVisualStudioVersion = 10.0.40219.1
Project("{FAE04EC0-301F-11D3-BF4B-00C04F79EFBC}") = "MovementPrototype", "MovementPrototype\MovementPrototype.csproj", "{FD2BCAAE-2FD7-4CF8-97F5-12753486D31A}"
EndProject
Global
	GlobalSection(SolutionConfigurationPlatforms) = preSolution
		Debug|Any CPU = Debug|Any CPU
		Release|Any CPU = Release|Any CPU
	EndGlobalSection
	GlobalSection(ProjectConfigurationPlatforms) = postSolution
		{FD2BCAAE-2FD7-4CF8-97F5-12753486D31A}.Debug|Any CPU.ActiveCfg = Debug|Any CPU
		{FD2BCAAE-2FD7-4CF8-97F5-12753486D31A}.Debug|Any CPU.Build.0 = Debug|Any CPU
		{FD2BCAAE-2FD7-4CF8-97F5-12753486D31A}.Release|Any CPU.ActiveCfg = Release|Any CPU
		{FD2BCAAE-2FD7-4CF8-97F5-12753486D31A}.Release|Any CPU.Build.0 = Release|Any CPU
	EndGlobalSection
	GlobalSection(SolutionProperties) = preSolution
		HideSolutionNode = FALSE
	EndGlobalSection
	GlobalSection(ExtensibilityGlobals) = postSolution
		SolutionGuid = {55316294-865B-4E6A-AAE7-BEA9A66FCFD5}
	EndGlobalSection
EndGlobal
