
Microsoft Visual Studio Solution File, Format Version 12.00
# Visual Studio Version 17
VisualStudioVersion = 17.1.32210.238
MinimumVisualStudioVersion = 10.0.40219.1
Project("{9A19103F-16F7-4668-BE54-9A1E7A4F7556}") = "Shroomworld", "Shroomworld\Shroomworld.csproj", "{3B80AF69-4439-4C65-BC6E-042DE6030C83}"
EndProject
Project("{9A19103F-16F7-4668-BE54-9A1E7A4F7556}") = "MyLibrary", "..\MyLibrary\MyLibrary\MyLibrary.csproj", "{CBE52B1A-D480-428B-ADC6-A925BE79160E}"
EndProject
Global
	GlobalSection(SolutionConfigurationPlatforms) = preSolution
		Debug|Any CPU = Debug|Any CPU
		Release|Any CPU = Release|Any CPU
	EndGlobalSection
	GlobalSection(ProjectConfigurationPlatforms) = postSolution
		{3B80AF69-4439-4C65-BC6E-042DE6030C83}.Debug|Any CPU.ActiveCfg = Debug|Any CPU
		{3B80AF69-4439-4C65-BC6E-042DE6030C83}.Debug|Any CPU.Build.0 = Debug|Any CPU
		{3B80AF69-4439-4C65-BC6E-042DE6030C83}.Release|Any CPU.ActiveCfg = Release|Any CPU
		{3B80AF69-4439-4C65-BC6E-042DE6030C83}.Release|Any CPU.Build.0 = Release|Any CPU
		{CBE52B1A-D480-428B-ADC6-A925BE79160E}.Debug|Any CPU.ActiveCfg = Debug|Any CPU
		{CBE52B1A-D480-428B-ADC6-A925BE79160E}.Debug|Any CPU.Build.0 = Debug|Any CPU
		{CBE52B1A-D480-428B-ADC6-A925BE79160E}.Release|Any CPU.ActiveCfg = Release|Any CPU
		{CBE52B1A-D480-428B-ADC6-A925BE79160E}.Release|Any CPU.Build.0 = Release|Any CPU
	EndGlobalSection
	GlobalSection(SolutionProperties) = preSolution
		HideSolutionNode = FALSE
	EndGlobalSection
	GlobalSection(ExtensibilityGlobals) = postSolution
		SolutionGuid = {96EA4AF3-43FF-4A41-B0F6-0304AB04413D}
	EndGlobalSection
EndGlobal
