
Microsoft Visual Studio Solution File, Format Version 12.00
# Visual Studio Version 17
VisualStudioVersion = 17.2.32630.192
MinimumVisualStudioVersion = 10.0.40219.1
Project("{FAE04EC0-301F-11D3-BF4B-00C04F79EFBC}") = "TerrainGeneration", "\sgs-svr-fs01\studenthome$\SixthForm\2021Intake\st2021149\My Documents\Visual Studio 2017\source\repos\shroomworld-repo\TerrainGeneration\TerrainGeneration\TerrainGeneration.csproj", "{D81F353D-7720-4B54-847A-84A78C790D3A}"
EndProject
Global
	GlobalSection(SolutionConfigurationPlatforms) = preSolution
		Debug|Any CPU = Debug|Any CPU
		Release|Any CPU = Release|Any CPU
	EndGlobalSection
	GlobalSection(ProjectConfigurationPlatforms) = postSolution
		{D81F353D-7720-4B54-847A-84A78C790D3A}.Debug|Any CPU.ActiveCfg = Debug|Any CPU
		{D81F353D-7720-4B54-847A-84A78C790D3A}.Debug|Any CPU.Build.0 = Debug|Any CPU
		{D81F353D-7720-4B54-847A-84A78C790D3A}.Release|Any CPU.ActiveCfg = Release|Any CPU
		{D81F353D-7720-4B54-847A-84A78C790D3A}.Release|Any CPU.Build.0 = Release|Any CPU
	EndGlobalSection
	GlobalSection(SolutionProperties) = preSolution
		HideSolutionNode = FALSE
	EndGlobalSection
	GlobalSection(ExtensibilityGlobals) = postSolution
		SolutionGuid = {2DE6CDC9-1025-444D-9FBC-1B981EBED9AC}
	EndGlobalSection
EndGlobal
